{
  "requires": true,
  "lockfileVersion": 1,
  "dependencies": {
    "next-redux-wrapper": {
      "version": "7.0.5",
      "resolved": "https://registry.npmjs.org/next-redux-wrapper/-/next-redux-wrapper-7.0.5.tgz",
      "integrity": "sha512-UFXdAWG5i+GFT8+Hoqpx3GArkPh34fVWF9YoA2VSHlBzsrPtnRd7NWM6FNSYUennpommTpWJ09mu+r/1UxyIkg=="
    }
  }
}
